
Microsoft Visual Studio Solution File, Format Version 12.00
# Visual Studio 15
VisualStudioVersion = 15.0.26430.15
MinimumVisualStudioVersion = 10.0.40219.1
Project("{FAE04EC0-301F-11D3-BF4B-00C04F79EFBC}") = "Hangfire.Web", "Hangfire.Web\Hangfire.Web.csproj", "{0802D845-AD3A-46F8-AA86-D44C73FCF78E}"
EndProject
Project("{FAE04EC0-301F-11D3-BF4B-00C04F79EFBC}") = "Hangfire.Console", "Hangfire.Console\Hangfire.Console.csproj", "{676D6440-48F3-4069-A342-84DE79770F64}"
EndProject
Project("{FAE04EC0-301F-11D3-BF4B-00C04F79EFBC}") = "Hangfire.Shared", "Hangfire.Shared\Hangfire.Shared.csproj", "{4A63FF6B-497E-43CC-A653-A9F26E63CF45}"
EndProject
Global
	GlobalSection(SolutionConfigurationPlatforms) = preSolution
		Debug|Any CPU = Debug|Any CPU
		Release|Any CPU = Release|Any CPU
	EndGlobalSection
	GlobalSection(ProjectConfigurationPlatforms) = postSolution
		{0802D845-AD3A-46F8-AA86-D44C73FCF78E}.Debug|Any CPU.ActiveCfg = Debug|Any CPU
		{0802D845-AD3A-46F8-AA86-D44C73FCF78E}.Debug|Any CPU.Build.0 = Debug|Any CPU
		{0802D845-AD3A-46F8-AA86-D44C73FCF78E}.Release|Any CPU.ActiveCfg = Release|Any CPU
		{0802D845-AD3A-46F8-AA86-D44C73FCF78E}.Release|Any CPU.Build.0 = Release|Any CPU
		{676D6440-48F3-4069-A342-84DE79770F64}.Debug|Any CPU.ActiveCfg = Debug|Any CPU
		{676D6440-48F3-4069-A342-84DE79770F64}.Debug|Any CPU.Build.0 = Debug|Any CPU
		{676D6440-48F3-4069-A342-84DE79770F64}.Release|Any CPU.ActiveCfg = Release|Any CPU
		{676D6440-48F3-4069-A342-84DE79770F64}.Release|Any CPU.Build.0 = Release|Any CPU
		{4A63FF6B-497E-43CC-A653-A9F26E63CF45}.Debug|Any CPU.ActiveCfg = Debug|Any CPU
		{4A63FF6B-497E-43CC-A653-A9F26E63CF45}.Debug|Any CPU.Build.0 = Debug|Any CPU
		{4A63FF6B-497E-43CC-A653-A9F26E63CF45}.Release|Any CPU.ActiveCfg = Release|Any CPU
		{4A63FF6B-497E-43CC-A653-A9F26E63CF45}.Release|Any CPU.Build.0 = Release|Any CPU
	EndGlobalSection
	GlobalSection(SolutionProperties) = preSolution
		HideSolutionNode = FALSE
	EndGlobalSection
EndGlobal
